
Microsoft Visual Studio Solution File, Format Version 12.00
# Visual Studio Version 17
VisualStudioVersion = 17.6.33829.357
MinimumVisualStudioVersion = 10.0.40219.1
Project("{FAE04EC0-301F-11D3-BF4B-00C04F79EFBC}") = "Homework_3_2", "Homework_3_2\Homework_3_2.csproj", "{928E4F65-9766-4EDD-B07E-441309234166}"
EndProject
Global
	GlobalSection(SolutionConfigurationPlatforms) = preSolution
		Debug|Any CPU = Debug|Any CPU
		Release|Any CPU = Release|Any CPU
	EndGlobalSection
	GlobalSection(ProjectConfigurationPlatforms) = postSolution
		{928E4F65-9766-4EDD-B07E-441309234166}.Debug|Any CPU.ActiveCfg = Debug|Any CPU
		{928E4F65-9766-4EDD-B07E-441309234166}.Debug|Any CPU.Build.0 = Debug|Any CPU
		{928E4F65-9766-4EDD-B07E-441309234166}.Release|Any CPU.ActiveCfg = Release|Any CPU
		{928E4F65-9766-4EDD-B07E-441309234166}.Release|Any CPU.Build.0 = Release|Any CPU
	EndGlobalSection
	GlobalSection(SolutionProperties) = preSolution
		HideSolutionNode = FALSE
	EndGlobalSection
	GlobalSection(ExtensibilityGlobals) = postSolution
		SolutionGuid = {0C0E639F-409C-4FFA-A09F-7B1552CC0D37}
	EndGlobalSection
EndGlobal
